
Microsoft Visual Studio Solution File, Format Version 12.00
# Visual Studio Version 17
VisualStudioVersion = 17.9.34622.214
MinimumVisualStudioVersion = 10.0.40219.1
Project("{2150E333-8FDC-42A3-9474-1A3956D46DE8}") = "Services", "Services", "{E6DE25BF-F03F-4B87-B6C8-70CC7C5EA412}"
EndProject
Project("{2150E333-8FDC-42A3-9474-1A3956D46DE8}") = "Catalog", "Catalog", "{3B0E4AE8-1859-48B9-8810-1DBCACDBD7EC}"
EndProject
Project("{9A19103F-16F7-4668-BE54-9A1E7A4F7556}") = "Catalog.API", "Services\Catalog\Catalog.API\Catalog.API.csproj", "{0F1D9B1B-93D6-4AEA-A814-B3703EC668AD}"
EndProject
Project("{2150E333-8FDC-42A3-9474-1A3956D46DE8}") = "BuildingBlocks", "BuildingBlocks", "{571713CB-2EAB-4196-87D4-5DD4D75B5296}"
EndProject
Project("{9A19103F-16F7-4668-BE54-9A1E7A4F7556}") = "BuildingBlocks", "BuildingBlocks\BuildingBlocks\BuildingBlocks.csproj", "{6021727C-F920-4BC0-8746-3BD1721CE396}"
EndProject
Project("{E53339B2-1760-4266-BCC7-CA923CBCF16C}") = "docker-compose", "docker-compose.dcproj", "{C41CF4AD-F33C-434D-BE93-B1EC2BF7CCCA}"
EndProject
Project("{2150E333-8FDC-42A3-9474-1A3956D46DE8}") = "Basket", "Basket", "{92B987E8-D34A-457E-93BC-D9B112D6BDD5}"
EndProject
Project("{9A19103F-16F7-4668-BE54-9A1E7A4F7556}") = "Basket.API", "Services\Basket\Basket.API\Basket.API.csproj", "{2649731D-7610-49E4-805B-A088741D581C}"
EndProject
Project("{2150E333-8FDC-42A3-9474-1A3956D46DE8}") = "Discount", "Discount", "{C6970C36-E6D9-4E6F-9EFA-11C6C96D8395}"
EndProject
Project("{9A19103F-16F7-4668-BE54-9A1E7A4F7556}") = "Discount.Grpc", "Services\Discount\Discount.Grpc\Discount.Grpc.csproj", "{C5945F06-EF43-407E-A388-0C16392EF1B5}"
EndProject
Project("{2150E333-8FDC-42A3-9474-1A3956D46DE8}") = "Ordering", "Ordering", "{5DE92475-E5BF-40E9-842F-9617DB29CB24}"
EndProject
Project("{9A19103F-16F7-4668-BE54-9A1E7A4F7556}") = "Ordering.API", "Services\Ordering\Ordering.API\Ordering.API.csproj", "{E7D5F9CA-1ECD-4F82-BBA2-DD46496E2C62}"
EndProject
Project("{9A19103F-16F7-4668-BE54-9A1E7A4F7556}") = "Ordering.Domain", "Services\Ordering\Ordering.Domain\Ordering.Domain.csproj", "{CB3418BE-8682-4318-9B70-43073F580BD9}"
EndProject
Project("{9A19103F-16F7-4668-BE54-9A1E7A4F7556}") = "Ordering.Application", "Services\Ordering\Ordering.Application\Ordering.Application.csproj", "{2C666FEC-60D9-4C74-A7FF-5842FC4D44E7}"
EndProject
Project("{9A19103F-16F7-4668-BE54-9A1E7A4F7556}") = "Ordering.Infrastructure", "Services\Ordering\Ordering.Infrastructure\Ordering.Infrastructure.csproj", "{70145486-8EB7-47C1-992F-85C48A0AC5AA}"
EndProject
Project("{9A19103F-16F7-4668-BE54-9A1E7A4F7556}") = "BuildingBlocks.Messaging", "BuildingBlocks\BuildingBlocks.Messaging\BuildingBlocks.Messaging.csproj", "{67B9D34A-2A20-4C91-8CA9-4FF20EA88AF5}"
EndProject
Project("{2150E333-8FDC-42A3-9474-1A3956D46DE8}") = "ApiGateways", "ApiGateways", "{5913A9D8-C678-42DC-861B-1F5548C2B017}"
EndProject
Project("{9A19103F-16F7-4668-BE54-9A1E7A4F7556}") = "YarpApiGateway", "ApiGateways\YarpApiGateway\YarpApiGateway.csproj", "{B4228782-1432-428C-9A4B-206F28A8DC8C}"
EndProject
Project("{FAE04EC0-301F-11D3-BF4B-00C04F79EFBC}") = "BuildingBlocks.Logging", "BuildingBlocks\BuildingBlocks.Logging\BuildingBlocks.Logging.csproj", "{0E702C18-F9C3-4187-825C-C192A49C97EB}"
EndProject
Global
	GlobalSection(SolutionConfigurationPlatforms) = preSolution
		Debug|Any CPU = Debug|Any CPU
		Release|Any CPU = Release|Any CPU
	EndGlobalSection
	GlobalSection(ProjectConfigurationPlatforms) = postSolution
		{0F1D9B1B-93D6-4AEA-A814-B3703EC668AD}.Debug|Any CPU.ActiveCfg = Debug|Any CPU
		{0F1D9B1B-93D6-4AEA-A814-B3703EC668AD}.Debug|Any CPU.Build.0 = Debug|Any CPU
		{0F1D9B1B-93D6-4AEA-A814-B3703EC668AD}.Release|Any CPU.ActiveCfg = Release|Any CPU
		{0F1D9B1B-93D6-4AEA-A814-B3703EC668AD}.Release|Any CPU.Build.0 = Release|Any CPU
		{6021727C-F920-4BC0-8746-3BD1721CE396}.Debug|Any CPU.ActiveCfg = Debug|Any CPU
		{6021727C-F920-4BC0-8746-3BD1721CE396}.Debug|Any CPU.Build.0 = Debug|Any CPU
		{6021727C-F920-4BC0-8746-3BD1721CE396}.Release|Any CPU.ActiveCfg = Release|Any CPU
		{6021727C-F920-4BC0-8746-3BD1721CE396}.Release|Any CPU.Build.0 = Release|Any CPU
		{C41CF4AD-F33C-434D-BE93-B1EC2BF7CCCA}.Debug|Any CPU.ActiveCfg = Debug|Any CPU
		{C41CF4AD-F33C-434D-BE93-B1EC2BF7CCCA}.Debug|Any CPU.Build.0 = Debug|Any CPU
		{C41CF4AD-F33C-434D-BE93-B1EC2BF7CCCA}.Release|Any CPU.ActiveCfg = Release|Any CPU
		{C41CF4AD-F33C-434D-BE93-B1EC2BF7CCCA}.Release|Any CPU.Build.0 = Release|Any CPU
		{2649731D-7610-49E4-805B-A088741D581C}.Debug|Any CPU.ActiveCfg = Debug|Any CPU
		{2649731D-7610-49E4-805B-A088741D581C}.Debug|Any CPU.Build.0 = Debug|Any CPU
		{2649731D-7610-49E4-805B-A088741D581C}.Release|Any CPU.ActiveCfg = Release|Any CPU
		{2649731D-7610-49E4-805B-A088741D581C}.Release|Any CPU.Build.0 = Release|Any CPU
		{C5945F06-EF43-407E-A388-0C16392EF1B5}.Debug|Any CPU.ActiveCfg = Debug|Any CPU
		{C5945F06-EF43-407E-A388-0C16392EF1B5}.Debug|Any CPU.Build.0 = Debug|Any CPU
		{C5945F06-EF43-407E-A388-0C16392EF1B5}.Release|Any CPU.ActiveCfg = Release|Any CPU
		{C5945F06-EF43-407E-A388-0C16392EF1B5}.Release|Any CPU.Build.0 = Release|Any CPU
		{E7D5F9CA-1ECD-4F82-BBA2-DD46496E2C62}.Debug|Any CPU.ActiveCfg = Debug|Any CPU
		{E7D5F9CA-1ECD-4F82-BBA2-DD46496E2C62}.Debug|Any CPU.Build.0 = Debug|Any CPU
		{E7D5F9CA-1ECD-4F82-BBA2-DD46496E2C62}.Release|Any CPU.ActiveCfg = Release|Any CPU
		{E7D5F9CA-1ECD-4F82-BBA2-DD46496E2C62}.Release|Any CPU.Build.0 = Release|Any CPU
		{CB3418BE-8682-4318-9B70-43073F580BD9}.Debug|Any CPU.ActiveCfg = Debug|Any CPU
		{CB3418BE-8682-4318-9B70-43073F580BD9}.Debug|Any CPU.Build.0 = Debug|Any CPU
		{CB3418BE-8682-4318-9B70-43073F580BD9}.Release|Any CPU.ActiveCfg = Release|Any CPU
		{CB3418BE-8682-4318-9B70-43073F580BD9}.Release|Any CPU.Build.0 = Release|Any CPU
		{2C666FEC-60D9-4C74-A7FF-5842FC4D44E7}.Debug|Any CPU.ActiveCfg = Debug|Any CPU
		{2C666FEC-60D9-4C74-A7FF-5842FC4D44E7}.Debug|Any CPU.Build.0 = Debug|Any CPU
		{2C666FEC-60D9-4C74-A7FF-5842FC4D44E7}.Release|Any CPU.ActiveCfg = Release|Any CPU
		{2C666FEC-60D9-4C74-A7FF-5842FC4D44E7}.Release|Any CPU.Build.0 = Release|Any CPU
		{70145486-8EB7-47C1-992F-85C48A0AC5AA}.Debug|Any CPU.ActiveCfg = Debug|Any CPU
		{70145486-8EB7-47C1-992F-85C48A0AC5AA}.Debug|Any CPU.Build.0 = Debug|Any CPU
		{70145486-8EB7-47C1-992F-85C48A0AC5AA}.Release|Any CPU.ActiveCfg = Release|Any CPU
		{70145486-8EB7-47C1-992F-85C48A0AC5AA}.Release|Any CPU.Build.0 = Release|Any CPU
		{67B9D34A-2A20-4C91-8CA9-4FF20EA88AF5}.Debug|Any CPU.ActiveCfg = Debug|Any CPU
		{67B9D34A-2A20-4C91-8CA9-4FF20EA88AF5}.Debug|Any CPU.Build.0 = Debug|Any CPU
		{67B9D34A-2A20-4C91-8CA9-4FF20EA88AF5}.Release|Any CPU.ActiveCfg = Release|Any CPU
		{67B9D34A-2A20-4C91-8CA9-4FF20EA88AF5}.Release|Any CPU.Build.0 = Release|Any CPU
		{B4228782-1432-428C-9A4B-206F28A8DC8C}.Debug|Any CPU.ActiveCfg = Debug|Any CPU
		{B4228782-1432-428C-9A4B-206F28A8DC8C}.Debug|Any CPU.Build.0 = Debug|Any CPU
		{B4228782-1432-428C-9A4B-206F28A8DC8C}.Release|Any CPU.ActiveCfg = Release|Any CPU
		{B4228782-1432-428C-9A4B-206F28A8DC8C}.Release|Any CPU.Build.0 = Release|Any CPU
		{0E702C18-F9C3-4187-825C-C192A49C97EB}.Debug|Any CPU.ActiveCfg = Debug|Any CPU
		{0E702C18-F9C3-4187-825C-C192A49C97EB}.Debug|Any CPU.Build.0 = Debug|Any CPU
		{0E702C18-F9C3-4187-825C-C192A49C97EB}.Release|Any CPU.ActiveCfg = Release|Any CPU
		{0E702C18-F9C3-4187-825C-C192A49C97EB}.Release|Any CPU.Build.0 = Release|Any CPU
	EndGlobalSection
	GlobalSection(SolutionProperties) = preSolution
		HideSolutionNode = FALSE
	EndGlobalSection
	GlobalSection(NestedProjects) = preSolution
		{3B0E4AE8-1859-48B9-8810-1DBCACDBD7EC} = {E6DE25BF-F03F-4B87-B6C8-70CC7C5EA412}
		{0F1D9B1B-93D6-4AEA-A814-B3703EC668AD} = {3B0E4AE8-1859-48B9-8810-1DBCACDBD7EC}
		{6021727C-F920-4BC0-8746-3BD1721CE396} = {571713CB-2EAB-4196-87D4-5DD4D75B5296}
		{92B987E8-D34A-457E-93BC-D9B112D6BDD5} = {E6DE25BF-F03F-4B87-B6C8-70CC7C5EA412}
		{2649731D-7610-49E4-805B-A088741D581C} = {92B987E8-D34A-457E-93BC-D9B112D6BDD5}
		{C6970C36-E6D9-4E6F-9EFA-11C6C96D8395} = {E6DE25BF-F03F-4B87-B6C8-70CC7C5EA412}
		{C5945F06-EF43-407E-A388-0C16392EF1B5} = {C6970C36-E6D9-4E6F-9EFA-11C6C96D8395}
		{5DE92475-E5BF-40E9-842F-9617DB29CB24} = {E6DE25BF-F03F-4B87-B6C8-70CC7C5EA412}
		{E7D5F9CA-1ECD-4F82-BBA2-DD46496E2C62} = {5DE92475-E5BF-40E9-842F-9617DB29CB24}
		{CB3418BE-8682-4318-9B70-43073F580BD9} = {5DE92475-E5BF-40E9-842F-9617DB29CB24}
		{2C666FEC-60D9-4C74-A7FF-5842FC4D44E7} = {5DE92475-E5BF-40E9-842F-9617DB29CB24}
		{70145486-8EB7-47C1-992F-85C48A0AC5AA} = {5DE92475-E5BF-40E9-842F-9617DB29CB24}
		{67B9D34A-2A20-4C91-8CA9-4FF20EA88AF5} = {571713CB-2EAB-4196-87D4-5DD4D75B5296}
		{B4228782-1432-428C-9A4B-206F28A8DC8C} = {5913A9D8-C678-42DC-861B-1F5548C2B017}
		{0E702C18-F9C3-4187-825C-C192A49C97EB} = {571713CB-2EAB-4196-87D4-5DD4D75B5296}
	EndGlobalSection
	GlobalSection(ExtensibilityGlobals) = postSolution
		SolutionGuid = {2A9D206C-C0B1-4E26-A27A-94EB7A28EAA3}
	EndGlobalSection
EndGlobal
